
Microsoft Visual Studio Solution File, Format Version 12.00
# Visual Studio Version 17
VisualStudioVersion = 17.8.34316.72
MinimumVisualStudioVersion = 10.0.40219.1
Project("{FAE04EC0-301F-11D3-BF4B-00C04F79EFBC}") = "VowelConsonantLetters", "VowelConsonantLetters\VowelConsonantLetters.csproj", "{A5CA0EAE-A9F5-41FD-B23E-7D9AC39FE69D}"
EndProject
Global
	GlobalSection(SolutionConfigurationPlatforms) = preSolution
		Debug|Any CPU = Debug|Any CPU
		Release|Any CPU = Release|Any CPU
	EndGlobalSection
	GlobalSection(ProjectConfigurationPlatforms) = postSolution
		{A5CA0EAE-A9F5-41FD-B23E-7D9AC39FE69D}.Debug|Any CPU.ActiveCfg = Debug|Any CPU
		{A5CA0EAE-A9F5-41FD-B23E-7D9AC39FE69D}.Debug|Any CPU.Build.0 = Debug|Any CPU
		{A5CA0EAE-A9F5-41FD-B23E-7D9AC39FE69D}.Release|Any CPU.ActiveCfg = Release|Any CPU
		{A5CA0EAE-A9F5-41FD-B23E-7D9AC39FE69D}.Release|Any CPU.Build.0 = Release|Any CPU
	EndGlobalSection
	GlobalSection(SolutionProperties) = preSolution
		HideSolutionNode = FALSE
	EndGlobalSection
	GlobalSection(ExtensibilityGlobals) = postSolution
		SolutionGuid = {A92B38C3-D561-4A85-A160-16A542DCEA48}
	EndGlobalSection
EndGlobal
